<Solution>
  <Folder Name="/src/">
    <Project Path="src/Weatheria.Alerts/Weatheria.Alerts.csproj" />
    <Project Path="src/Weatheria.Api/Weatheria.Api.csproj" />
    <Project Path="src/Weatheria.Client/Weatheria.Client.csproj" />
    <Project Path="src/Weatheria.Data/Weatheria.Data.csproj" />
    <Project Path="src/Weatheria.Ingest/Weatheria.Ingest.csproj" />
  </Folder>
  <Folder Name="/tests/">
    <Project Path="tests/Weatheria.Client.Tests/Weatheria.Client.Tests.csproj" />
  </Folder>
</Solution>
